{
  "name": "hub-node-core",
  "version": "0.1.0",
  "lockfileVersion": 1,
  "requires": true,
  "dependencies": {
    "@types/http-status": {
      "version": "0.2.30",
      "resolved": "https://registry.npmjs.org/@types/http-status/-/http-status-0.2.30.tgz",
      "integrity": "sha512-wcBc5XEOMmhuoWfNhwnpw8+tVAsueUeARxCTcRQ0BCN5V/dyKQBJNWdxmvcZW5IJWoeU47UWQ+ACCg48KKnqyA==",
      "dev": true
    },
    "@types/node": {
      "version": "10.3.1",
      "resolved": "https://registry.npmjs.org/@types/node/-/node-10.3.1.tgz",
      "integrity": "sha512-IsX9aDHDzJohkm3VCDB8tkzl5RQ34E/PFA29TQk6uDGb7Oc869ZBtmdKVDBzY3+h9GnXB8ssrRXEPVZrlIOPOw==",
      "dev": true
    },
    "http-status": {
      "version": "1.1.2",
      "resolved": "https://registry.npmjs.org/http-status/-/http-status-1.1.2.tgz",
      "integrity": "sha512-nOa/N9ajBmQQgf6bLUl43IWLQKrClecv58qVX+5iqnbHhVrnMt2nnMtdGjXChSg92o/B/DeM9b+9u/Ivhin3zg=="
    },
    "typescript": {
      "version": "2.9.1",
      "resolved": "https://registry.npmjs.org/typescript/-/typescript-2.9.1.tgz",
      "integrity": "sha512-h6pM2f/GDchCFlldnriOhs1QHuwbnmj6/v7499eMHqPeW4V2G0elua2eIc2nu8v2NdHV0Gm+tzX83Hr6nUFjQA==",
      "dev": true
    }
  }
}
